autoenv
msvc-14.44.17.14|https://download.visualstudio.microsoft.com/download/pr/91752dac-9947-4dc3-bee9-d1b7120f487e/6b9ae8efe100a7a77c8567d86138eba1010f7a5100b6851ae4c09c26e2f47f2c/Microsoft.VC.14.44.17.14.CRT.ARM64.Desktop.base.vsix|93
msvc-14.44.17.14|https://download.visualstudio.microsoft.com/download/pr/91752dac-9947-4dc3-bee9-d1b7120f487e/b68eff153c59e814c88b13a8da2e6b7fff96f7504dcd4d9c69d0dab40e50f3b7/Microsoft.VC.14.44.17.14.CRT.ARM64.Desktop.debug.base.vsix|93
msvc-14.44.17.14|https://download.visualstudio.microsoft.com/download/pr/91752dac-9947-4dc3-bee9-d1b7120f487e/ca22cb7e23ac0505a028bb7b9dd3a5d3d22d971315b9e8af0e1c88f6b5d37a1c/Microsoft.VC.14.44.17.14.CRT.ARM64.Store.base.vsix|93
msvc-14.44.17.14|https://download.visualstudio.microsoft.com/download/pr/c610cd8c-801b-44b8-a80a-82cc382aeb43/852382a9aa73502b7849c1bcadfb603ba7175c4e8b60e6aba03c7de711d4ece5/Microsoft.VC.14.44.17.14.CRT.Headers.base.vsix|93
msvc-14.44.17.14|https://download.visualstudio.microsoft.com/download/pr/45d3b8dd-bced-4b37-9974-142f748d710c/fc8f37250188509818258582758a3b704810c77b6d25845486d583ea99d9aa1f/Microsoft.VC.14.44.17.14.CRT.Redist.ARM64.base.vsix|93
msvc-14.44.17.14|https://download.visualstudio.microsoft.com/download/pr/45d3b8dd-bced-4b37-9974-142f748d710c/4aaf54db0bfc9435f7c3660e1a00237a4b556042bfeea64bde44c2e0194e6ee5/Microsoft.VC.14.44.17.14.CRT.Redist.X64.base.vsix|93
msvc-14.44.17.14|https://download.visualstudio.microsoft.com/download/pr/45d3b8dd-bced-4b37-9974-142f748d710c/52b7fa1fd64125c5c61573a5606a48fb6e63489f89f58f8930f18ccc7e8c80a2/Microsoft.VC.14.44.17.14.CRT.Redist.X86.base.vsix|93
msvc-14.44.17.14|https://download.visualstudio.microsoft.com/download/pr/91752dac-9947-4dc3-bee9-d1b7120f487e/a6c2bdfee598deb539c328a5364b985929b0b1b68c17c50a5db33be2879b9cfe/Microsoft.VC.14.44.17.14.CRT.arm.Desktop.base.vsix|93
msvc-14.44.17.14|https://download.visualstudio.microsoft.com/download/pr/91752dac-9947-4dc3-bee9-d1b7120f487e/f73553ea95efbaab5e9a91616ba7ee204ed9c877b4908f4bca18589e27de0940/Microsoft.VC.14.44.17.14.CRT.arm.Store.base.vsix|93
msvc-14.44.17.14|https://download.visualstudio.microsoft.com/download/pr/91752dac-9947-4dc3-bee9-d1b7120f487e/3d6b398f32eafd7fb3735f83402c0658d831c3b4ee10f93f0031f7a78f311c27/Microsoft.VC.14.44.17.14.CRT.x64.Desktop.base.vsix|93
msvc-14.44.17.14|https://download.visualstudio.microsoft.com/download/pr/91752dac-9947-4dc3-bee9-d1b7120f487e/2fea29c858fc487873e813926d240c97235153c2bef82bf22d17cce45e7bcf57/Microsoft.VC.14.44.17.14.CRT.x64.Store.base.vsix|93
msvc-14.44.17.14|https://download.visualstudio.microsoft.com/download/pr/91752dac-9947-4dc3-bee9-d1b7120f487e/8992c88610655b69d8efa226af1a270c85499aebe9050fed2b550653bde5257f/Microsoft.VC.14.44.17.14.CRT.x86.Desktop.base.vsix|93
msvc-14.44.17.14|https://download.visualstudio.microsoft.com/download/pr/91752dac-9947-4dc3-bee9-d1b7120f487e/8983e16f42207860ddbe9ff90dcaa4ecddb1fa52c88e336c43e209bc5582dccd/Microsoft.VC.14.44.17.14.CRT.x86.Store.base.vsix|93
msvc-14.44.17.14|https://download.visualstudio.microsoft.com/download/pr/331f11a2-d0d0-4220-a66d-089d6c890f59/59e0723aec5dca7f65f02a2088a23e83ae604789fe2e3672f42f86048b25a483/Microsoft.VC.14.44.17.14.Tools.HostARM64.TargetARM.Res.base.enu.vsix|93
msvc-14.44.17.14|https://download.visualstudio.microsoft.com/download/pr/331f11a2-d0d0-4220-a66d-089d6c890f59/b220eee2b3b7fefb32efdcdadf4dd49d58b6cb5a2698a10f6c6577cba7f71795/Microsoft.VC.14.44.17.14.Tools.HostARM64.TargetARM.base.vsix|93
msvc-14.44.17.14|https://download.visualstudio.microsoft.com/download/pr/331f11a2-d0d0-4220-a66d-089d6c890f59/60e1ea7aa5d6a774b205673acf3ca98cbf348741dbc82d9f29e89b61c10c8f9f/Microsoft.VC.14.44.17.14.Tools.HostARM64.TargetARM64.Res.base.enu.vsix|93
msvc-14.44.17.14|https://download.visualstudio.microsoft.com/download/pr/331f11a2-d0d0-4220-a66d-089d6c890f59/0e4249bba014abf87fb605553e1e82b0a3bb3bc5077523e4342f1bc0655044e9/Microsoft.VC.14.44.17.14.Tools.HostARM64.TargetARM64.base.vsix|93
msvc-14.44.17.14|https://download.visualstudio.microsoft.com/download/pr/331f11a2-d0d0-4220-a66d-089d6c890f59/168febb47c373c2c1940dc1b8a502a8b405007bffda8ca325505b0b49f6a0475/Microsoft.VC.14.44.17.14.Tools.HostARM64.TargetX64.base.vsix|93
msvc-14.44.17.14|https://download.visualstudio.microsoft.com/download/pr/331f11a2-d0d0-4220-a66d-089d6c890f59/f549f4b3bb020b9ae0f39d10c5b0f6ad83995ac04e9d51ec8f7bd73bff97b579/Microsoft.VC.14.44.17.14.Tools.HostARM64.TargetX86.Res.base.enu.vsix|93
msvc-14.44.17.14|https://download.visualstudio.microsoft.com/download/pr/331f11a2-d0d0-4220-a66d-089d6c890f59/4477ac3fbb4bb8d310c861a121c834c2d682def8db74bb7fdece9e4c5e9ed08b/Microsoft.VC.14.44.17.14.Tools.HostARM64.TargetX86.base.vsix|93
msvc-14.44.17.14|https://download.visualstudio.microsoft.com/download/pr/331f11a2-d0d0-4220-a66d-089d6c890f59/086fce4fdacf13c080cdb5ab619640d17aa309a9262047f8fda76f0b419a98a1/Microsoft.VC.14.44.17.14.Tools.HostARM64.Targetx64.Res.base.enu.vsix|93
msvc-14.44.17.14|https://download.visualstudio.microsoft.com/download/pr/331f11a2-d0d0-4220-a66d-089d6c890f59/c98e43f3290289db334b98a501c56deb8d2c5b1ccdaf789064b549313490e46d/Microsoft.VC.14.44.17.14.Tools.HostX64.TargetARM.Res.base.enu.vsix|93
msvc-14.44.17.14|https://download.visualstudio.microsoft.com/download/pr/331f11a2-d0d0-4220-a66d-089d6c890f59/d2130e08aeee67807f9b7514aeb0a7125dbcbecaad38d81a55111465a0d6bc0d/Microsoft.VC.14.44.17.14.Tools.HostX64.TargetARM.base.vsix|93
msvc-14.44.17.14|https://download.visualstudio.microsoft.com/download/pr/331f11a2-d0d0-4220-a66d-089d6c890f59/22f3a6199fb5fd52ae4b2f28b9f3e1ba7b74e973b00be3966366c47420af782f/Microsoft.VC.14.44.17.14.Tools.HostX64.TargetARM64.Res.base.enu.vsix|93
msvc-14.44.17.14|https://download.visualstudio.microsoft.com/download/pr/331f11a2-d0d0-4220-a66d-089d6c890f59/21e302e95f0b2e6b3dd9f066eea47735c3b8482b7d623dfb2e011ff538a0fa73/Microsoft.VC.14.44.17.14.Tools.HostX64.TargetARM64.base.vsix|93
msvc-14.44.17.14|https://download.visualstudio.microsoft.com/download/pr/331f11a2-d0d0-4220-a66d-089d6c890f59/f83ef3f3e9c65a1ec16f0ba79b5d12ab51a9a3eefc0f7b055b28b0973adf079b/Microsoft.VC.14.44.17.14.Tools.HostX64.TargetX64.Res.base.enu.vsix|93
msvc-14.44.17.14|https://download.visualstudio.microsoft.com/download/pr/331f11a2-d0d0-4220-a66d-089d6c890f59/cc1c0d0f44f17ec28cf9f9755a40ad6c5b73b35538ed593cb931cfce5d32d2d3/Microsoft.VC.14.44.17.14.Tools.HostX64.TargetX64.base.vsix|93
msvc-14.44.17.14|https://download.visualstudio.microsoft.com/download/pr/331f11a2-d0d0-4220-a66d-089d6c890f59/b6691798b65bac8fed11f68aedb43479161e0492b72be84754ced895ae6564cc/Microsoft.VC.14.44.17.14.Tools.HostX64.TargetX86.Res.base.enu.vsix|93
msvc-14.44.17.14|https://download.visualstudio.microsoft.com/download/pr/331f11a2-d0d0-4220-a66d-089d6c890f59/213ba9abfe223ade470fd6d2c813d43575512c292071ef2a57a9f2e468d70cee/Microsoft.VC.14.44.17.14.Tools.HostX64.TargetX86.base.vsix|93
msvc-14.44.17.14|https://download.visualstudio.microsoft.com/download/pr/331f11a2-d0d0-4220-a66d-089d6c890f59/a3aff47ba9844d9c7723df30bf191b125fbb078420566c9c55a47d608d0bda71/Microsoft.VC.14.44.17.14.Tools.HostX86.TargetARM.Res.base.enu.vsix|93
msvc-14.44.17.14|https://download.visualstudio.microsoft.com/download/pr/331f11a2-d0d0-4220-a66d-089d6c890f59/7a86b2c282b596f71a81a187f8971d2ea150ee8580cd828cc65e5529b2719f07/Microsoft.VC.14.44.17.14.Tools.HostX86.TargetARM64.Res.base.enu.vsix|93
msvc-14.44.17.14|https://download.visualstudio.microsoft.com/download/pr/331f11a2-d0d0-4220-a66d-089d6c890f59/75d836deac42b5b3e5b79114f4dcf07388d526fe76715552e65b34739959ba04/Microsoft.VC.14.44.17.14.Tools.HostX86.TargetX64.base.vsix|93
msvc-14.44.17.14|https://download.visualstudio.microsoft.com/download/pr/331f11a2-d0d0-4220-a66d-089d6c890f59/f0d0b8b44aeb7687178536228fb8fe31aca8a5e59020ddced395d50a56540b8c/Microsoft.VC.14.44.17.14.Tools.HostX86.TargetX86.Res.base.enu.vsix|93
msvc-14.44.17.14|https://download.visualstudio.microsoft.com/download/pr/331f11a2-d0d0-4220-a66d-089d6c890f59/fb642dcd4929abdb849cd08b7ed5383ff0f551e3d084ce008ac9678add0e25fd/Microsoft.VC.14.44.17.14.Tools.HostX86.TargetX86.base.vsix|93
msvc-14.44.17.14|https://download.visualstudio.microsoft.com/download/pr/331f11a2-d0d0-4220-a66d-089d6c890f59/f1d70743c89a3700a3c16a3a21326db1feee065f9318622ea001d210c6c43bb3/Microsoft.VC.14.44.17.14.Tools.Hostx86.Targetarm.base.vsix|93
msvc-14.44.17.14|https://download.visualstudio.microsoft.com/download/pr/331f11a2-d0d0-4220-a66d-089d6c890f59/494905f15e6f6dff620d8dbba360906f95e7761250e174f9ca576b2379cbe734/Microsoft.VC.14.44.17.14.Tools.Hostx86.Targetarm64.base.vsix|93
msvc-14.44.17.14|https://download.visualstudio.microsoft.com/download/pr/331f11a2-d0d0-4220-a66d-089d6c890f59/c5b591cf9c42ccc4e3b566b9efca504d42244fbf07226faefc08fe0830eca7bd/Microsoft.VC.14.44.17.14.Tools.Hostx86.Targetx64.Res.base.enu.vsix|93
|https://download.visualstudio.microsoft.com/download/pr/10d3c2ab-450a-44f7-84b4-a11b2bade847/a16cfe352e095048543c4c7efeac744f/16ab2ea2187acffa6435e334796c8c89.cab|17963a938b5e63c8b499b4749d3fd3222a2a91fe781ea9705dc67f832bc6e8ac 16ab2ea2187acffa6435e334796c8c89.cab
|https://download.visualstudio.microsoft.com/download/pr/10d3c2ab-450a-44f7-84b4-a11b2bade847/7d54822376e104ea654b30a63d6421dd/2868a02217691d527e42fe0520627bfa.cab|893449b3090e7057193f758edaaef7201becf01d85ec1ff0a3d304fb8f6a04fb 2868a02217691d527e42fe0520627bfa.cab
|https://download.visualstudio.microsoft.com/download/pr/10d3c2ab-450a-44f7-84b4-a11b2bade847/ccc1dd4b2000ea4066f4561c728c675f/6ee7bbee8435130a869cf971694fd9e2.cab|af2994c9c24ea23ef4c373d35d54f07611eb1bd99f6f455b22c48b104cd08b53 6ee7bbee8435130a869cf971694fd9e2.cab
|https://download.visualstudio.microsoft.com/download/pr/10d3c2ab-450a-44f7-84b4-a11b2bade847/25bdb221ee5cb416ec4e76cb35c98829/78fa3c824c2c48bd4a49ab5969adaaf7.cab|51c9b952fdda3858ac95974daac47275de4931b85b8bf8931f5fc4f4c5c61867 78fa3c824c2c48bd4a49ab5969adaaf7.cab
|https://download.visualstudio.microsoft.com/download/pr/10d3c2ab-450a-44f7-84b4-a11b2bade847/1ff0a217eca319413f9f390761af0913/7afc7b670accd8e3cc94cfffd516f5cb.cab|7a3cfa6befca3ccae6260746fa470958e8a23b29ae2c9ffd2f7295b9126569fc 7afc7b670accd8e3cc94cfffd516f5cb.cab
|https://download.visualstudio.microsoft.com/download/pr/10d3c2ab-450a-44f7-84b4-a11b2bade847/ca73b2e45e5862b1d5bae97835da4064/80dcdb79b8a5960a384abe5a217a7e3a.cab|6806ef487c6ea8db8669aa433dbbfc9999f485cc7608f071c07af38041c68ecc 80dcdb79b8a5960a384abe5a217a7e3a.cab
|https://download.visualstudio.microsoft.com/download/pr/10d3c2ab-450a-44f7-84b4-a11b2bade847/573bd17aa267227748737d0e86373899/96076045170fe5db6d5dcf14b6f6688e.cab|b74ce706d0eb03642f42591d5c27010d8a3c3656e986b241e16f4ad5ddd92940 96076045170fe5db6d5dcf14b6f6688e.cab
|https://download.visualstudio.microsoft.com/download/pr/10d3c2ab-450a-44f7-84b4-a11b2bade847/115c6c1ec89236348d3679911cd21342/a1e2a83aa8a71c48c742eeaff6e71928.cab|1e998cb92262b783fb0510b825839bc4117d17a29744fd841cdb95dab7860df4 a1e2a83aa8a71c48c742eeaff6e71928.cab
|https://download.visualstudio.microsoft.com/download/pr/10d3c2ab-450a-44f7-84b4-a11b2bade847/442970590355947db239e29892586c92/b2f03f34ff83ec013b9e45c7cd8e8a73.cab|45df88dd43f4706e495b94f4f656a753bbde04f0cbee4be8a7092647fffad28c b2f03f34ff83ec013b9e45c7cd8e8a73.cab
|https://download.visualstudio.microsoft.com/download/pr/10d3c2ab-450a-44f7-84b4-a11b2bade847/93ff375143af76574b860dcfd331e25d/beb5360d2daaa3167dea7ad16c28f996.cab|a284d3f16def5ae401c1b09102887ef63512c1b03c67eb033184d7e572d3b356 beb5360d2daaa3167dea7ad16c28f996.cab
|https://download.visualstudio.microsoft.com/download/pr/10d3c2ab-450a-44f7-84b4-a11b2bade847/4a283044a9b70c9dfe182b7839e9c972/d95da93904819b1f7e68adb98b49a9c7.cab|945a8fcc7c9008ff1fa72617d62021c0e6609640e72f68eec84a0b215044631d d95da93904819b1f7e68adb98b49a9c7.cab
|https://download.visualstudio.microsoft.com/download/pr/10d3c2ab-450a-44f7-84b4-a11b2bade847/36d00670f5d2e36816f9f5e0c062b28c/eca0aa33de85194cd50ed6e0aae0156f.cab|7620afcd7d8355a85f831332b47fedf31df55bea3acc7927e066508c91157969 eca0aa33de85194cd50ed6e0aae0156f.cab
|https://download.visualstudio.microsoft.com/download/pr/10d3c2ab-450a-44f7-84b4-a11b2bade847/29342a897fa3dd699eefa2d5d0d80370/f9ff50431335056fb4fbac05b8268204.cab|4aa10ba2140ddda6ea334f4d4a46eb0b246402f8ad18060268f1a89582cd160b f9ff50431335056fb4fbac05b8268204.cab
sdk-10.0.22621.7|https://download.visualstudio.microsoft.com/download/pr/10d3c2ab-450a-44f7-84b4-a11b2bade847/970d91d7632d4c16b0389112c524eb6d/universal crt headers libraries and sources-x86_en-us.msi|c02ddaac3312c3d658d62ecd8f32cd84da0511fec80bef83cab8f03b7c3a333a
|https://download.visualstudio.microsoft.com/download/pr/10d3c2ab-450a-44f7-84b4-a11b2bade847/5ad4e116cefa3b0f3cb0221880202a57/921968b1c32e680f338247ac68950f5a.cab|1c9ad53d907c9517e73bd737aced8a99282fcb9d497c9a28e39ff44e4086beab 921968b1c32e680f338247ac68950f5a.cab
sdk-10.0.22621.7|https://download.visualstudio.microsoft.com/download/pr/10d3c2ab-450a-44f7-84b4-a11b2bade847/c208ad200d3eb877fa245b0e2dc58fe1/windows sdk desktop headers arm-x86_en-us.msi|70aac7b5ecda68fffed7e3b02d426c08f650ec2462b1f9b9cf1b0ef88c9bb569
|https://download.visualstudio.microsoft.com/download/pr/10d3c2ab-450a-44f7-84b4-a11b2bade847/9d0d9b186f062eba3836a694cbabb3ce/8c44e508e7582f9362c66a2e47a19b5e.cab|e558ed7b425f52aecb44cbed0082f0c4fc4485e999cacead3bdcf43547fce546 8c44e508e7582f9362c66a2e47a19b5e.cab
sdk-10.0.22621.7|https://download.visualstudio.microsoft.com/download/pr/10d3c2ab-450a-44f7-84b4-a11b2bade847/b5261c1912e56d50fb2f8d15c3160900/windows sdk desktop headers arm64-x86_en-us.msi|72fa057cb2da30aa919dd7b35b1dd56ec78f3064fc83f781f3645d2f3437147c
|https://download.visualstudio.microsoft.com/download/pr/10d3c2ab-450a-44f7-84b4-a11b2bade847/4d5e507ae0c3073e2047d45c217fdd2c/e5950ce9ba509b3370ebf328742a5f45.cab|fe1669bf67cf3ccbd0507afdc335f0c0fbb44baf82bfa5fbb1126472f96c1e43 e5950ce9ba509b3370ebf328742a5f45.cab
sdk-10.0.22621.7|https://download.visualstudio.microsoft.com/download/pr/10d3c2ab-450a-44f7-84b4-a11b2bade847/bef1faba66a06aadfe0cc37f1df37e29/windows sdk desktop headers x64-x86_en-us.msi|7983cac47abf6a0eb2355310ef462d94baa3cdec6f7964848145c3d7ff8d660d
|https://download.visualstudio.microsoft.com/download/pr/10d3c2ab-450a-44f7-84b4-a11b2bade847/161379a5c77c0a245aa36b11e381c2c8/07a57cdb41ba28cced14005f087267be.cab|ea7bc2a00b3ff71e4b03b877c1a980573d676736b485058c2c8e829fecc6142c 07a57cdb41ba28cced14005f087267be.cab
|https://download.visualstudio.microsoft.com/download/pr/10d3c2ab-450a-44f7-84b4-a11b2bade847/7655854fcfc3f837d9c06a440b69c6eb/2e876dd22fa5e6785f137e3422dd50ec.cab|7b6e7222ffdc98b68b4c96b7d78fbf1d6d0fcc7869bce82dcfd26e6907b909e0 2e876dd22fa5e6785f137e3422dd50ec.cab
|https://download.visualstudio.microsoft.com/download/pr/10d3c2ab-450a-44f7-84b4-a11b2bade847/68bbfb3edf9552e73878748b4e588335/4fe4c8b88812f5339018c0eef95acdb9.cab|92cfa8ec0e67d84ef48f7fe9ed8c1ba146592ed4a786cc71bf79f26de11ff276 4fe4c8b88812f5339018c0eef95acdb9.cab
sdk-10.0.22621.7|https://download.visualstudio.microsoft.com/download/pr/10d3c2ab-450a-44f7-84b4-a11b2bade847/616911ad586012757ab9956f35249cd5/windows sdk desktop headers x86-x86_en-us.msi|9a9f911430041b9935a86afda2baeafd94df67a98c23e09201f25cd37afff4d6
|https://download.visualstudio.microsoft.com/download/pr/10d3c2ab-450a-44f7-84b4-a11b2bade847/4d69d8fe3463be4c319aebb161606b40/77db8ab55a0b236db83c55ced6e8a9a3.cab|f39a576219fa9d1c74192890643dfd725b8ee717f08d15056ecef38ac9955800 77db8ab55a0b236db83c55ced6e8a9a3.cab
sdk-10.0.22621.7|https://download.visualstudio.microsoft.com/download/pr/10d3c2ab-450a-44f7-84b4-a11b2bade847/b0ecba3fe3df6d13e12ef27b7c3a0143/windows sdk desktop libs arm-x86_en-us.msi|79d6063da6a4e7d453a066d63edfb467f980fd2c84595615a2ea46b9d8d97d74
|https://download.visualstudio.microsoft.com/download/pr/10d3c2ab-450a-44f7-84b4-a11b2bade847/a9aa1e36e9cb77cb4eeb51779e8527cb/3e2f7be479e3679d700ce0782e4cc318.cab|87ec125ac87c573658df402b2455e0124c0d73b848f1f867f3e627ac1cb7f6ce 3e2f7be479e3679d700ce0782e4cc318.cab
sdk-10.0.22621.7|https://download.visualstudio.microsoft.com/download/pr/10d3c2ab-450a-44f7-84b4-a11b2bade847/f3b01df31169a906fce9a6918ae85d57/windows sdk desktop libs arm64-x86_en-us.msi|9c92d19da3a02ed63f6eb578f25be6d6f68b3690d8ae3aa1734a029597ed0d67
|https://download.visualstudio.microsoft.com/download/pr/10d3c2ab-450a-44f7-84b4-a11b2bade847/021c311c51ac60d8dcf92ab08b09421c/58314d0646d7e1a25e97c902166c3155.cab|bbf09f5173f152095d5f9f05c225b3a0dc9210fe5145c09b8678ebb2d5b1db82 58314d0646d7e1a25e97c902166c3155.cab
sdk-10.0.22621.7|https://download.visualstudio.microsoft.com/download/pr/10d3c2ab-450a-44f7-84b4-a11b2bade847/8e51881451df8de8897ad41abf8ea840/windows sdk desktop libs x64-x86_en-us.msi|7a7f102b05f53a6b1925cc33bf1325c75bfad747d476c7ac96c49e75e658659b
|https://download.visualstudio.microsoft.com/download/pr/10d3c2ab-450a-44f7-84b4-a11b2bade847/950e3f3e43538fda6fcb227218fedcdc/53174a8154da07099db041b9caffeaee.cab|1e789341008605c7ceb9bfcd630ce70510d88abe2fe30ea7f39f836a7c1bee6f 53174a8154da07099db041b9caffeaee.cab
sdk-10.0.22621.7|https://download.visualstudio.microsoft.com/download/pr/10d3c2ab-450a-44f7-84b4-a11b2bade847/475ac04ffc2145fe9e1c1aff915dfd96/windows sdk desktop libs x86-x86_en-us.msi|b41fec53064907c2de66db80ab9168aad408e56bfd059cdb7272adaeb08e9455
|https://download.visualstudio.microsoft.com/download/pr/10d3c2ab-450a-44f7-84b4-a11b2bade847/88e37be304b8d0516e63115cf38a1098/766c0ffd568bbb31bf7fb6793383e24a.cab|cd0817807ae96b0c8c58db06618131bb2ff97aeb9c77a9deec118b104d9162e5 766c0ffd568bbb31bf7fb6793383e24a.cab
|https://download.visualstudio.microsoft.com/download/pr/10d3c2ab-450a-44f7-84b4-a11b2bade847/507ddd5666c9780601ce2d1cf62593e4/8125ee239710f33ea485965f76fae646.cab|6b17eb009b5d699340d388dd307818d6692cefe17b6ea42e584671ae9ff00c5b 8125ee239710f33ea485965f76fae646.cab
|https://download.visualstudio.microsoft.com/download/pr/10d3c2ab-450a-44f7-84b4-a11b2bade847/bc68d2ecb39e69320bd36458d4e02163/c0aa6d435b0851bf34365aadabd0c20f.cab|84126b8585d4a49cd80ac8fe66366d35209d90e9567cb307afd455a4191c527d c0aa6d435b0851bf34365aadabd0c20f.cab
|https://download.visualstudio.microsoft.com/download/pr/10d3c2ab-450a-44f7-84b4-a11b2bade847/dc6a6ff72e8485fc7d81324dbe45748a/c1c7e442409c0adbf81ae43aa0e4351f.cab|533812e6ad73fb11a239fb635524f3214c8fe363b1a663dc961918c2f67b8887 c1c7e442409c0adbf81ae43aa0e4351f.cab
sdk-10.0.22621.7|https://download.visualstudio.microsoft.com/download/pr/10d3c2ab-450a-44f7-84b4-a11b2bade847/b9b680b6ee1be4312c5cfdc0b0c0259d/windows sdk for windows store apps headers-x86_en-us.msi|f386ddb7c17b8f2f9ded02db7ef2fabf01d7b3a4807979c779b1c485b615f788
|https://download.visualstudio.microsoft.com/download/pr/10d3c2ab-450a-44f7-84b4-a11b2bade847/c51342a9c6d05fd9a6ef54708fc24d4b/05047a45609f311645eebcac2739fc4c.cab|8a93135cd55514af6a5c58a32c73c1978adec0ea019402197824d7405c83f67a 05047a45609f311645eebcac2739fc4c.cab
|https://download.visualstudio.microsoft.com/download/pr/10d3c2ab-450a-44f7-84b4-a11b2bade847/2c9d20960f3bf54992783acf2b7ecf14/0b2a4987421d95d0cb37640889aa9e9b.cab|4bd4df18d1804043d7c30e68a76c364cfc73f31ab4b7b9c8161de0686dc5495d 0b2a4987421d95d0cb37640889aa9e9b.cab
|https://download.visualstudio.microsoft.com/download/pr/10d3c2ab-450a-44f7-84b4-a11b2bade847/8c6e1bd7ed13964fd7bc5a0aa38a4989/13d68b8a7b6678a368e2d13ff4027521.cab|1f0e56fc244bc2fec2612f75cf10cfe314e7a3a3ffa64dba873ee4a2ef4984d3 13d68b8a7b6678a368e2d13ff4027521.cab
|https://download.visualstudio.microsoft.com/download/pr/10d3c2ab-450a-44f7-84b4-a11b2bade847/b228f987bca884275deae20a7120bdb9/463ad1b0783ebda908fd6c16a4abfe93.cab|d50a366e3f0408cd639cfa398984260b50c8b3cde8c7c85aeeb9c4e6a1e85a98 463ad1b0783ebda908fd6c16a4abfe93.cab
|https://download.visualstudio.microsoft.com/download/pr/10d3c2ab-450a-44f7-84b4-a11b2bade847/323ad1187b7fea366fed7f903120f30c/5a22e5cde814b041749fb271547f4dd5.cab|01e650eb119e13fd17c93ac4571334bf5423c76691e765ae271fa780f8888c60 5a22e5cde814b041749fb271547f4dd5.cab
|https://download.visualstudio.microsoft.com/download/pr/10d3c2ab-450a-44f7-84b4-a11b2bade847/efc799545e646db58ebeb02274e7432e/ba60f891debd633ae9c26e1372703e3c.cab|72b43638d06f8ff409b9fd3db9dcb61b44006981f4f8db572bb017d46b484927 ba60f891debd633ae9c26e1372703e3c.cab
|https://download.visualstudio.microsoft.com/download/pr/10d3c2ab-450a-44f7-84b4-a11b2bade847/3846357160bf184489ccd2589ec4e62d/e10768bb6e9d0ea730280336b697da66.cab|7c6070af2de77acb69795dabe6fd0b74ac632977d98c85d2fe281233fb6f5f6f e10768bb6e9d0ea730280336b697da66.cab
|https://download.visualstudio.microsoft.com/download/pr/10d3c2ab-450a-44f7-84b4-a11b2bade847/a3e0f26098b57504d17f9e4956a2926a/f9b24c8280986c0683fbceca5326d806.cab|84d966619ef04c61b7c12eae7301c4f0866f8a5a989eae52ebbe0507b4b1fb25 f9b24c8280986c0683fbceca5326d806.cab
sdk-10.0.22621.7|https://download.visualstudio.microsoft.com/download/pr/10d3c2ab-450a-44f7-84b4-a11b2bade847/572d3a33dd6e71df46709da1c45342c0/windows sdk for windows store apps libs-x86_en-us.msi|e1e1e6b862a9049340630d4c537209939bb6194b74032095ad8dc4d96f2abe63
|https://download.visualstudio.microsoft.com/download/pr/10d3c2ab-450a-44f7-84b4-a11b2bade847/886485975ab5f8c421092928636a1433/15bc5316e373960d82abc253bceaa25d.cab|201f9d06b2113fa96bd82171a362cd1a8b9f74e1605c19b8d0db7b009345165f 15bc5316e373960d82abc253bceaa25d.cab
|https://download.visualstudio.microsoft.com/download/pr/10d3c2ab-450a-44f7-84b4-a11b2bade847/48c8a31ec6dd2f7113fad3e6a9100d06/2630bae9681db6a9f6722366f47d055c.cab|98f9c683cba7acaa4fc4aab615c73297406760b2977a869cb490372f79da40dc 2630bae9681db6a9f6722366f47d055c.cab
|https://download.visualstudio.microsoft.com/download/pr/10d3c2ab-450a-44f7-84b4-a11b2bade847/937eb197769bd033ebe46f56db4b706e/26ea25236f12b23db661acf268a70cfa.cab|bc04fb3b5a2b07a3bfcc1d50ae6506afcb41ce86d366f22536e831bee175ea71 26ea25236f12b23db661acf268a70cfa.cab
|https://download.visualstudio.microsoft.com/download/pr/10d3c2ab-450a-44f7-84b4-a11b2bade847/8972cb988701de4ce2bf549dfa203fd9/2a30b5d1115d515c6ddd8cd6b5173835.cab|e07d66d8b7efa3ecb8c54130007643b552922d2f8a1a913397199a2c31cfb19c 2a30b5d1115d515c6ddd8cd6b5173835.cab
|https://download.visualstudio.microsoft.com/download/pr/10d3c2ab-450a-44f7-84b4-a11b2bade847/ae0ecd038039326b72a0715274696637/4a4c678668584fc994ead5b99ccf7f03.cab|ca6a68934ae28e2b1f96d8a37395fa475f852fd2052da41bd9e19bcf11f7454a 4a4c678668584fc994ead5b99ccf7f03.cab
|https://download.visualstudio.microsoft.com/download/pr/10d3c2ab-450a-44f7-84b4-a11b2bade847/a173af66041dc1d8dea800a32ab25c78/61d57a7a82309cd161a854a6f4619e52.cab|73bd326ec6e49e5a827957e852eb5ca01e001e19bc4bedad39b304df71c7f943 61d57a7a82309cd161a854a6f4619e52.cab
|https://download.visualstudio.microsoft.com/download/pr/10d3c2ab-450a-44f7-84b4-a11b2bade847/0b15316892b07deb88830bf70f123198/68de71e3e2fb9941ee5b7c77500c0508.cab|521f8c9c122184fd6eb5ae0bea59bd16e58f0cbf35e15c0f624ae69833ed429e 68de71e3e2fb9941ee5b7c77500c0508.cab
|https://download.visualstudio.microsoft.com/download/pr/10d3c2ab-450a-44f7-84b4-a11b2bade847/38a98695e4a5afa717113ae215cd7fee/69661e20556b3ca9456b946c2c881ddd.cab|54df08ae70d1102b08bfdf8263faf82cd0be3df2ab17935451c216237cccd185 69661e20556b3ca9456b946c2c881ddd.cab
|https://download.visualstudio.microsoft.com/download/pr/10d3c2ab-450a-44f7-84b4-a11b2bade847/10354cd26297d2e49df767b142cd6fdc/b82881a61b7477bd4eb5de2cd5037fe2.cab|c272423318faef53e379e64ca2f2929cfab65c62554ebba1284b0a098bcae4db b82881a61b7477bd4eb5de2cd5037fe2.cab
|https://download.visualstudio.microsoft.com/download/pr/10d3c2ab-450a-44f7-84b4-a11b2bade847/e62e773f2159e74f75ae7e14bfb58235/dcfb1aa345e349091a44e86ce1766566.cab|3c7186629252e66e069599e31b213c979a61aee9f68bc93e79f676524e292345 dcfb1aa345e349091a44e86ce1766566.cab
|https://download.visualstudio.microsoft.com/download/pr/10d3c2ab-450a-44f7-84b4-a11b2bade847/4652dc4c1bb63f214558e762ec72f1d9/e072b3b3d3164e26b63338dce51862a7.cab|b754ec265c4e39bcbb1fa6e8c86c5813151409e4c5a9891c979030ba620ff5ea e072b3b3d3164e26b63338dce51862a7.cab
|https://download.visualstudio.microsoft.com/download/pr/10d3c2ab-450a-44f7-84b4-a11b2bade847/de70d93eb752c54c8acccfb874ffc9dc/e3d1b35aecfccda1b4af6fe5988ac4be.cab|f6d334f2f398036fd560b30ba2a80b2608ad84e4be76a6d519cbd8e2747cd108 e3d1b35aecfccda1b4af6fe5988ac4be.cab
sdk-10.0.22621.7|https://download.visualstudio.microsoft.com/download/pr/10d3c2ab-450a-44f7-84b4-a11b2bade847/d76d738fd55a0c638966c074d8dd584c/windows sdk for windows store apps tools-x86_en-us.msi|0be60007b0e84d87a893c2a1f23528564f560eb4291e5536ed0023b2782414ef
|https://download.visualstudio.microsoft.com/download/pr/10d3c2ab-450a-44f7-84b4-a11b2bade847/81b483ef569cbe80c9c77565766a1293/4c3ef4b2b1dc72149f979f4243d2accf.cab|6bb0888fa5178de25655e60c743f2a9edd140f06024d0c5f81d6e2a524051aab 4c3ef4b2b1dc72149f979f4243d2accf.cab
|https://download.visualstudio.microsoft.com/download/pr/10d3c2ab-450a-44f7-84b4-a11b2bade847/9a9e519891fe54093714f7b5af90eee9/685f3d4691f444bc382762d603a99afc.cab|ef2ed9d88a12402facca6ae1c9da9b34d25c45794e9bad874348ffe91ebad108 685f3d4691f444bc382762d603a99afc.cab
|https://download.visualstudio.microsoft.com/download/pr/10d3c2ab-450a-44f7-84b4-a11b2bade847/31293c2b4e08fc6d7cad9fdd3c293e4e/e5c4b31ff9997ac5603f4f28cd7df602.cab|788a5f2f20127c77e0d73675a7eb0daeca8fbd398b1818a0e3d085e9b504a36a e5c4b31ff9997ac5603f4f28cd7df602.cab
|https://download.visualstudio.microsoft.com/download/pr/10d3c2ab-450a-44f7-84b4-a11b2bade847/a261a06df246ecd1e10a5d6f1790c335/e98fa5eb5fee6ce17a7a69d585870b7c.cab|60b029421e01a986472dfd5c35eada3cf66b477191c7075021a8b4918904ac09 e98fa5eb5fee6ce17a7a69d585870b7c.cab
sdk-10.0.22621.7|https://download.visualstudio.microsoft.com/download/pr/10d3c2ab-450a-44f7-84b4-a11b2bade847/ee49a2e87b010ad3f13d723d5997cf0e/windows sdk signing tools-x86_en-us.msi|54e927447876539ad55bb6d70c25ed8c1ab5723708acba5c988836599eb8d064
